
Microsoft Visual Studio Solution File, Format Version 12.00
# Visual Studio 15
VisualStudioVersion = 15.0.27428.2037
MinimumVisualStudioVersion = 10.0.40219.1
Project("{FAE04EC0-301F-11D3-BF4B-00C04F79EFBC}") = "ConsoleApp1", "ConsoleApp1\ConsoleApp1.csproj", "{9B49308D-9A5F-474C-9AC7-EC77A6E1047A}"
EndProject
Global
	GlobalSection(SolutionConfigurationPlatforms) = preSolution
		Debug|Any CPU = Debug|Any CPU
		Release|Any CPU = Release|Any CPU
	EndGlobalSection
	GlobalSection(ProjectConfigurationPlatforms) = postSolution
		{9B49308D-9A5F-474C-9AC7-EC77A6E1047A}.Debug|Any CPU.ActiveCfg = Debug|Any CPU
		{9B49308D-9A5F-474C-9AC7-EC77A6E1047A}.Debug|Any CPU.Build.0 = Debug|Any CPU
		{9B49308D-9A5F-474C-9AC7-EC77A6E1047A}.Release|Any CPU.ActiveCfg = Release|Any CPU
		{9B49308D-9A5F-474C-9AC7-EC77A6E1047A}.Release|Any CPU.Build.0 = Release|Any CPU
	EndGlobalSection
	GlobalSection(SolutionProperties) = preSolution
		HideSolutionNode = FALSE
	EndGlobalSection
	GlobalSection(ExtensibilityGlobals) = postSolution
		SolutionGuid = {880319AE-E209-4635-9501-3105A0986897}
	EndGlobalSection
EndGlobal
